# THIS IS AN AUTOGENERATED FILE. DO NOT EDIT THIS FILE DIRECTLY.
# yarn lockfile v1


accepts@^1.3.5:
  version "1.3.5"
  resolved "https://registry.yarnpkg.com/accepts/-/accepts-1.3.5.tgz#eb777df6011723a3b14e8a72c0805c8e86746bd2"
  integrity sha1-63d99gEXI6OxTopywIBcjoZ0a9I=
  dependencies:
    mime-types "~2.1.18"
    negotiator "0.6.1"

any-promise@^1.0.0, any-promise@^1.1.0:
  version "1.3.0"
  resolved "https://registry.yarnpkg.com/any-promise/-/any-promise-1.3.0.tgz#abc6afeedcea52e809cdc0376aed3ce39635d17f"
  integrity sha1-q8av7tzqUugJzcA3au0845Y10X8=

argparse@^1.0.7:
  version "1.0.10"
  resolved "https://registry.yarnpkg.com/argparse/-/argparse-1.0.10.tgz#bcd6791ea5ae09725e17e5ad988134cd40b3d911"
  integrity sha512-o5Roy6tNG4SL/FOkCAN6RzjiakZS25RLYFrcMttJqbdd8BWrnA+fGz57iN5Pb06pvBGvl5gQ0B48dJlslXvoTg==
  dependencies:
    sprintf-js "~1.0.2"

async@^2.6.0:
  version "2.6.1"
  resolved "https://registry.yarnpkg.com/async/-/async-2.6.1.tgz#b245a23ca71930044ec53fa46aa00a3e87c6a610"
  integrity sha512-fNEiL2+AZt6AlAw/29Cr0UDe4sRAHCpEHh54WMz+Bb7QfNcFw4h3loofyJpLeQs4Yx7yuqu/2dLgM5hKOs6HlQ==
  dependencies:
    lodash "^4.17.10"

bytes@3.0.0:
  version "3.0.0"
  resolved "https://registry.yarnpkg.com/bytes/-/bytes-3.0.0.tgz#d32815404d689699f85a4ea4fa8755dd13a96048"
  integrity sha1-0ygVQE1olpn4Wk6k+odV3ROpYEg=

cache-content-type@^1.0.0:
  version "1.0.1"
  resolved "https://registry.yarnpkg.com/cache-content-type/-/cache-content-type-1.0.1.tgz#035cde2b08ee2129f4a8315ea8f00a00dba1453c"
  integrity sha512-IKufZ1o4Ut42YUrZSo8+qnMTrFuKkvyoLXUywKz9GJ5BrhOFGhLdkx9sG4KAnVvbY6kEcSFjLQul+DVmBm2bgA==
  dependencies:
    mime-types "^2.1.18"
    ylru "^1.2.0"

camelize@1.0.0:
  version "1.0.0"
  resolved "https://registry.yarnpkg.com/camelize/-/camelize-1.0.0.tgz#164a5483e630fa4321e5af07020e531831b2609b"
  integrity sha1-FkpUg+Yw+kMh5a8HAg5TGDGyYJs=

co-body@^6.0.0:
  version "6.0.0"
  resolved "https://registry.yarnpkg.com/co-body/-/co-body-6.0.0.tgz#965b9337d7f5655480787471f4237664820827e3"
  integrity sha512-9ZIcixguuuKIptnY8yemEOuhb71L/lLf+Rl5JfJEUiDNJk0e02MBt7BPxR2GEh5mw8dPthQYR4jPI/BnS1MQgw==
  dependencies:
    inflation "^2.0.0"
    qs "^6.5.2"
    raw-body "^2.3.3"
    type-is "^1.6.16"

co@^4.6.0:
  version "4.6.0"
  resolved "https://registry.yarnpkg.com/co/-/co-4.6.0.tgz#6ea6bdf3d853ae54ccb8e47bfa0bf3f9031fb184"
  integrity sha1-bqa989hTrlTMuOR7+gvz+QMfsYQ=

coffee-script@*:
  version "1.12.7"
  resolved "https://registry.yarnpkg.com/coffee-script/-/coffee-script-1.12.7.tgz#c05dae0cb79591d05b3070a8433a98c9a89ccc53"
  integrity sha512-fLeEhqwymYat/MpTPUjSKHVYYl0ec2mOyALEMLmzr5i1isuG+6jfI2j2d5oBO3VIzgUXgBVIcOT9uH1TFxBckw==

content-disposition@~0.5.2:
  version "0.5.2"
  resolved "https://registry.yarnpkg.com/content-disposition/-/content-disposition-0.5.2.tgz#0cf68bb9ddf5f2be7961c3a85178cb85dba78cb4"
  integrity sha1-DPaLud318r55YcOoUXjLhdunjLQ=

content-security-policy-builder@2.0.0:
  version "2.0.0"
  resolved "https://registry.yarnpkg.com/content-security-policy-builder/-/content-security-policy-builder-2.0.0.tgz#8749a1d542fcbe82237281ea9f716ce68b394dd2"
  integrity sha512-j+Nhmj1yfZAikJLImCvPJFE29x/UuBi+/MWqggGGc515JKaZrjuei2RhULJmy0MsstW3E3htl002bwmBNMKr7w==

content-type@^1.0.4:
  version "1.0.4"
  resolved "https://registry.yarnpkg.com/content-type/-/content-type-1.0.4.tgz#e138cc75e040c727b1966fe5e5f8c9aee256fe3b"
  integrity sha512-hIP3EEPs8tB9AT1L+NUqtwOAps4mk2Zob89MWXMHjHWg9milF/j4osnnQLXBCBFBk/tvIG/tUc9mOUJiPBhPXA==

cookies@~0.7.1:
  version "0.7.3"
  resolved "https://registry.yarnpkg.com/cookies/-/cookies-0.7.3.tgz#7912ce21fbf2e8c2da70cf1c3f351aecf59dadfa"
  integrity sha512-+gixgxYSgQLTaTIilDHAdlNPZDENDQernEMiIcZpYYP14zgHsCt4Ce1FEjFtcp6GefhozebB6orvhAAWx/IS0A==
  dependencies:
    depd "~1.1.2"
    keygrip "~1.0.3"

copy-to@^2.0.1:
  version "2.0.1"
  resolved "https://registry.yarnpkg.com/copy-to/-/copy-to-2.0.1.tgz#2680fbb8068a48d08656b6098092bdafc906f4a5"
  integrity sha1-JoD7uAaKSNCGVrYJgJK9r8kG9KU=

dasherize@2.0.0:
  version "2.0.0"
  resolved "https://registry.yarnpkg.com/dasherize/-/dasherize-2.0.0.tgz#6d809c9cd0cf7bb8952d80fc84fa13d47ddb1308"
  integrity sha1-bYCcnNDPe7iVLYD8hPoT1H3bEwg=

debug@*:
  version "4.1.0"
  resolved "https://registry.yarnpkg.com/debug/-/debug-4.1.0.tgz#373687bffa678b38b1cd91f861b63850035ddc87"
  integrity sha512-heNPJUJIqC+xB6ayLAMHaIrmN9HKa7aQO8MGqKpvCA+uJYVcvR6l5kgdrhRuwPFHU7P5/A1w0BjByPHwpfTDKg==
  dependencies:
    ms "^2.1.1"

debug@^2.6.1, debug@^2.6.3:
  version "2.6.9"
  resolved "https://registry.yarnpkg.com/debug/-/debug-2.6.9.tgz#5d128515df134ff327e90a4c93f4e077a536341f"
  integrity sha512-bC7ElrdJaJnPbAP+1EotYvqZsb3ecl5wi6Bfi6BJTUcNowp6cvspg0jXznRTKDjm/E7AdgFBVeAPVMNcKGsHMA==
  dependencies:
    ms "2.0.0"

debug@^3.1.0:
  version "3.2.6"
  resolved "https://registry.yarnpkg.com/debug/-/debug-3.2.6.tgz#e83d17de16d8a7efb7717edbe5fb10135eee629b"
  integrity sha512-mel+jf7nrtEl5Pn1Qx46zARXKDpBbvzezse7p7LqINmdoIk8PYP5SySaxEmYv6TZ0JyEKA1hsCId6DIhgITtWQ==
  dependencies:
    ms "^2.1.1"

debug@~3.1.0:
  version "3.1.0"
  resolved "https://registry.yarnpkg.com/debug/-/debug-3.1.0.tgz#5bb5a0672628b64149566ba16819e61518c67261"
  integrity sha512-OX8XqP7/1a9cqkxYw2yXss15f26NKWBpDXQd0/uK/KPqdQhxbPa994hnzjcE2VqQpDslf55723cKPUOGSmMY3g==
  dependencies:
    ms "2.0.0"

deep-equal@~1.0.1:
  version "1.0.1"
  resolved "https://registry.yarnpkg.com/deep-equal/-/deep-equal-1.0.1.tgz#f5d260292b660e084eff4cdbc9f08ad3247448b5"
  integrity sha1-9dJgKStmDghO/0zbyfCK0yR0SLU=

delegates@^1.0.0:
  version "1.0.0"
  resolved "https://registry.yarnpkg.com/delegates/-/delegates-1.0.0.tgz#84c6e159b81904fdca59a0ef44cd870d31250f9a"
  integrity sha1-hMbhWbgZBP3KWaDvRM2HDTElD5o=

depd@^1.1.2, depd@~1.1.2:
  version "1.1.2"
  resolved "https://registry.yarnpkg.com/depd/-/depd-1.1.2.tgz#9bcd52e14c097763e749b274c4346ed2e560b5a9"
  integrity sha1-m81S4UwJd2PnSbJ0xDRu0uVgtak=

destroy@^1.0.4:
  version "1.0.4"
  resolved "https://registry.yarnpkg.com/destroy/-/destroy-1.0.4.tgz#978857442c44749e4206613e37946205826abd80"
  integrity sha1-l4hXRCxEdJ5CBmE+N5RiBYJqvYA=

dns-prefetch-control@0.1.0:
  version "0.1.0"
  resolved "https://registry.yarnpkg.com/dns-prefetch-control/-/dns-prefetch-control-0.1.0.tgz#60ddb457774e178f1f9415f0cabb0e85b0b300b2"
  integrity sha1-YN20V3dOF48flBXwyrsOhbCzALI=

doctrine@*:
  version "3.0.0"
  resolved "https://registry.yarnpkg.com/doctrine/-/doctrine-3.0.0.tgz#addebead72a6574db783639dc87a121773973961"
  integrity sha512-yS+Q5i3hBf7GBkd4KG8a7eBNNWNGLTaEwwYWUijIYM7zrlYDM0BFXHjjPWlWZ1Rg7UaddZeIDmi9jF3HmqiQ2w==
  dependencies:
    esutils "^2.0.2"

dont-sniff-mimetype@1.0.0:
  version "1.0.0"
  resolved "https://registry.yarnpkg.com/dont-sniff-mimetype/-/dont-sniff-mimetype-1.0.0.tgz#5932890dc9f4e2f19e5eb02a20026e5e5efc8f58"
  integrity sha1-WTKJDcn04vGeXrAqIAJuXl78j1g=

dotenv@^6.2.0:
  version "6.2.0"
  resolved "https://registry.yarnpkg.com/dotenv/-/dotenv-6.2.0.tgz#941c0410535d942c8becf28d3f357dbd9d476064"
  integrity sha512-HygQCKUBSFl8wKQZBSemMywRWcEDNidvNbjGVyZu3nbZ8qq9ubiPoGLMdRDpfSrpkkm9BXYFkpKxxFX38o/76w==

ee-first@1.1.1:
  version "1.1.1"
  resolved "https://registry.yarnpkg.com/ee-first/-/ee-first-1.1.1.tgz#590c61156b0ae2f4f0255732a158b266bc56b21d"
  integrity sha1-WQxhFWsK4vTwJVcyoViyZrxWsh0=

error-inject@^1.0.0:
  version "1.0.0"
  resolved "https://registry.yarnpkg.com/error-inject/-/error-inject-1.0.0.tgz#e2b3d91b54aed672f309d950d154850fa11d4f37"
  integrity sha1-4rPZG1Su1nLzCdlQ0VSFD6EdTzc=

escape-html@^1.0.3:
  version "1.0.3"
  resolved "https://registry.yarnpkg.com/escape-html/-/escape-html-1.0.3.tgz#0258eae4d3d0c0974de1c169188ef0051d1d1988"
  integrity sha1-Aljq5NPQwJdN4cFpGI7wBR0dGYg=

esprima@^4.0.0:
  version "4.0.1"
  resolved "https://registry.yarnpkg.com/esprima/-/esprima-4.0.1.tgz#13b04cdb3e6c5d19df91ab6987a8695619b0aa71"
  integrity sha512-eGuFFw7Upda+g4p+QHvnW0RyTX/SVeJBDM/gCtMARO0cLuT2HcEKnTPvhjV6aGeqrCB/sbNop0Kszm0jsaWU4A==

esutils@^2.0.2:
  version "2.0.2"
  resolved "https://registry.yarnpkg.com/esutils/-/esutils-2.0.2.tgz#0abf4f1caa5bcb1f7a9d8acc6dea4faaa04bac9b"
  integrity sha1-Cr9PHKpbyx96nYrMbepPqqBLrJs=

expect-ct@0.1.1:
  version "0.1.1"
  resolved "https://registry.yarnpkg.com/expect-ct/-/expect-ct-0.1.1.tgz#de84476a2dbcb85000d5903737e9bc8a5ba7b897"
  integrity sha512-ngXzTfoRGG7fYens3/RMb6yYoVLvLMfmsSllP/mZPxNHgFq41TmPSLF/nLY7fwoclI2vElvAmILFWGUYqdjfCg==

feature-policy@0.2.0:
  version "0.2.0"
  resolved "https://registry.yarnpkg.com/feature-policy/-/feature-policy-0.2.0.tgz#22096de49ab240176878ffe2bde2f6ff04d48c43"
  integrity sha512-2hGrlv6efG4hscYVZeaYjpzpT6I2OZgYqE2yDUzeAcKj2D1SH0AsEzqJNXzdoglEddcIXQQYop3lD97XpG75Jw==

frameguard@3.0.0:
  version "3.0.0"
  resolved "https://registry.yarnpkg.com/frameguard/-/frameguard-3.0.0.tgz#7bcad469ee7b96e91d12ceb3959c78235a9272e9"
  integrity sha1-e8rUae57lukdEs6zlZx4I1qScuk=

fresh@~0.5.2:
  version "0.5.2"
  resolved "https://registry.yarnpkg.com/fresh/-/fresh-0.5.2.tgz#3d8cadd90d976569fa835ab1f8e4b23a105605a7"
  integrity sha1-PYyt2Q2XZWn6g1qx+OSyOhBWBac=

helmet-crossdomain@0.3.0:
  version "0.3.0"
  resolved "https://registry.yarnpkg.com/helmet-crossdomain/-/helmet-crossdomain-0.3.0.tgz#707e2df930f13ad61f76ed08e1bb51ab2b2e85fa"
  integrity sha512-YiXhj0E35nC4Na5EPE4mTfoXMf9JTGpN4OtB4aLqShKuH9d2HNaJX5MQoglO6STVka0uMsHyG5lCut5Kzsy7Lg==

helmet-csp@2.7.1:
  version "2.7.1"
  resolved "https://registry.yarnpkg.com/helmet-csp/-/helmet-csp-2.7.1.tgz#e8e0b5186ffd4db625cfcce523758adbfadb9dca"
  integrity sha512-sCHwywg4daQ2mY0YYwXSZRsgcCeerUwxMwNixGA7aMLkVmPTYBl7gJoZDHOZyXkqPrtuDT3s2B1A+RLI7WxSdQ==
  dependencies:
    camelize "1.0.0"
    content-security-policy-builder "2.0.0"
    dasherize "2.0.0"
    platform "1.3.5"

helmet@^3.12.0:
  version "3.15.0"
  resolved "https://registry.yarnpkg.com/helmet/-/helmet-3.15.0.tgz#fe0bb80e05d9eec589e3cbecaf5384409a3a64c9"
  integrity sha512-j9JjtAnWJj09lqe/PEICrhuDaX30TeokXJ9tW6ZPhVH0+LMoihDeJ58CdWeTGzM66p6EiIODmgAaWfdeIWI4Gg==
  dependencies:
    dns-prefetch-control "0.1.0"
    dont-sniff-mimetype "1.0.0"
    expect-ct "0.1.1"
    feature-policy "0.2.0"
    frameguard "3.0.0"
    helmet-crossdomain "0.3.0"
    helmet-csp "2.7.1"
    hide-powered-by "1.0.0"
    hpkp "2.0.0"
    hsts "2.1.0"
    ienoopen "1.0.0"
    nocache "2.0.0"
    referrer-policy "1.1.0"
    x-xss-protection "1.1.0"

hide-powered-by@1.0.0:
  version "1.0.0"
  resolved "https://registry.yarnpkg.com/hide-powered-by/-/hide-powered-by-1.0.0.tgz#4a85ad65881f62857fc70af7174a1184dccce32b"
  integrity sha1-SoWtZYgfYoV/xwr3F0oRhNzM4ys=

hpkp@2.0.0:
  version "2.0.0"
  resolved "https://registry.yarnpkg.com/hpkp/-/hpkp-2.0.0.tgz#10e142264e76215a5d30c44ec43de64dee6d1672"
  integrity sha1-EOFCJk52IVpdMMROxD3mTe5tFnI=

hsts@2.1.0:
  version "2.1.0"
  resolved "https://registry.yarnpkg.com/hsts/-/hsts-2.1.0.tgz#cbd6c918a2385fee1dd5680bfb2b3a194c0121cc"
  integrity sha512-zXhh/DqgrTXJ7erTN6Fh5k/xjMhDGXCqdYN3wvxUvGUQvnxcFfUd8E+6vLg/nk3ss1TYMb+DhRl25fYABioTvA==

http-assert@^1.3.0:
  version "1.4.0"
  resolved "https://registry.yarnpkg.com/http-assert/-/http-assert-1.4.0.tgz#0e550b4fca6adf121bbeed83248c17e62f593a9a"
  integrity sha512-tPVv62a6l3BbQoM/N5qo969l0OFxqpnQzNUPeYfTP6Spo4zkgWeDBD1D5thI7sDLg7jCCihXTLB0X8UtdyAy8A==
  dependencies:
    deep-equal "~1.0.1"
    http-errors "~1.7.1"

http-errors@1.6.3, http-errors@~1.6.2:
  version "1.6.3"
  resolved "https://registry.yarnpkg.com/http-errors/-/http-errors-1.6.3.tgz#8b55680bb4be283a0b5bf4ea2e38580be1d9320d"
  integrity sha1-i1VoC7S+KDoLW/TqLjhYC+HZMg0=
  dependencies:
    depd "~1.1.2"
    inherits "2.0.3"
    setprototypeof "1.1.0"
    statuses ">= 1.4.0 < 2"

http-errors@^1.3.1, http-errors@^1.6.1, http-errors@^1.6.3, http-errors@~1.7.1:
  version "1.7.1"
  resolved "https://registry.yarnpkg.com/http-errors/-/http-errors-1.7.1.tgz#6a4ffe5d35188e1c39f872534690585852e1f027"
  integrity sha512-jWEUgtZWGSMba9I1N3gc1HmvpBUaNC9vDdA46yScAdp+C5rdEuKWUBLWTQpW9FwSWSbYYs++b6SDCxf9UEJzfw==
  dependencies:
    depd "~1.1.2"
    inherits "2.0.3"
    setprototypeof "1.1.0"
    statuses ">= 1.5.0 < 2"
    toidentifier "1.0.0"

iconv-lite@0.4.23:
  version "0.4.23"
  resolved "https://registry.yarnpkg.com/iconv-lite/-/iconv-lite-0.4.23.tgz#297871f63be507adcfbfca715d0cd0eed84e9a63"
  integrity sha512-neyTUVFtahjf0mB3dZT77u+8O0QB89jFdnBkd5P1JgYPbPaia3gXXOVL2fq8VyU2gMMD7SaN7QukTB/pmXYvDA==
  dependencies:
    safer-buffer ">= 2.1.2 < 3"

ienoopen@1.0.0:
  version "1.0.0"
  resolved "https://registry.yarnpkg.com/ienoopen/-/ienoopen-1.0.0.tgz#346a428f474aac8f50cf3784ea2d0f16f62bda6b"
  integrity sha1-NGpCj0dKrI9QzzeE6i0PFvYr2ms=

inflation@^2.0.0:
  version "2.0.0"
  resolved "https://registry.yarnpkg.com/inflation/-/inflation-2.0.0.tgz#8b417e47c28f925a45133d914ca1fd389107f30f"
  integrity sha1-i0F+R8KPklpFEz2RTKH9OJEH8w8=

inherits@2.0.3:
  version "2.0.3"
  resolved "https://registry.yarnpkg.com/inherits/-/inherits-2.0.3.tgz#633c2c83e3da42a502f52466022480f4208261de"
  integrity sha1-Yzwsg+PaQqUC9SRmAiSA9CCCYd4=

is-generator-function@^1.0.7:
  version "1.0.7"
  resolved "https://registry.yarnpkg.com/is-generator-function/-/is-generator-function-1.0.7.tgz#d2132e529bb0000a7f80794d4bdf5cd5e5813522"
  integrity sha512-YZc5EwyO4f2kWCax7oegfuSr9mFz1ZvieNYBEjmukLxgXfBUbxAWGVF7GZf0zidYtoBl3WvC07YK0wT76a+Rtw==

isarray@0.0.1:
  version "0.0.1"
  resolved "https://registry.yarnpkg.com/isarray/-/isarray-0.0.1.tgz#8a18acfca9a8f4177e09abfc6038939b05d1eedf"
  integrity sha1-ihis/Kmo9Bd+Cav8YDiTmwXR7t8=

js-yaml@^3.10.0:
  version "3.12.0"
  resolved "https://registry.yarnpkg.com/js-yaml/-/js-yaml-3.12.0.tgz#eaed656ec8344f10f527c6bfa1b6e2244de167d1"
  integrity sha512-PIt2cnwmPfL4hKNwqeiuz4bKfnzHTBv6HyVgjahA6mPLwPDzjDWrplJBMjHUFxku/N3FlmrbyPclad+I+4mJ3A==
  dependencies:
    argparse "^1.0.7"
    esprima "^4.0.0"

keygrip@~1.0.3:
  version "1.0.3"
  resolved "https://registry.yarnpkg.com/keygrip/-/keygrip-1.0.3.tgz#399d709f0aed2bab0a059e0cdd3a5023a053e1dc"
  integrity sha512-/PpesirAIfaklxUzp4Yb7xBper9MwP6hNRA6BGGUFCgbJ+BM5CKBtsoxinNXkLHAr+GXS1/lSlF2rP7cv5Fl+g==

koa-bodyparser@^4.2.1:
  version "4.2.1"
  resolved "https://registry.yarnpkg.com/koa-bodyparser/-/koa-bodyparser-4.2.1.tgz#4d7dacb5e6db1106649b595d9e5ccb158b6f3b29"
  integrity sha512-UIjPAlMZfNYDDe+4zBaOAUKYqkwAGcIU6r2ARf1UOXPAlfennQys5IiShaVeNf7KkVBlf88f2LeLvBFvKylttw==
  dependencies:
    co-body "^6.0.0"
    copy-to "^2.0.1"

koa-compose@^3.0.0, koa-compose@^3.2.1:
  version "3.2.1"
  resolved "https://registry.yarnpkg.com/koa-compose/-/koa-compose-3.2.1.tgz#a85ccb40b7d986d8e5a345b3a1ace8eabcf54de7"
  integrity sha1-qFzLQLfZhtjlo0Wzoazo6rz1Tec=
  dependencies:
    any-promise "^1.1.0"

koa-compose@^4.1.0:
  version "4.1.0"
  resolved "https://registry.yarnpkg.com/koa-compose/-/koa-compose-4.1.0.tgz#507306b9371901db41121c812e923d0d67d3e877"
  integrity sha512-8ODW8TrDuMYvXRwra/Kh7/rJo9BtOfPc6qO8eAfC80CnCvSjSl0bkRM24X6/XBBEyj0v1nRUQ1LyOy3dbqOWXw==

koa-convert@^1.2.0:
  version "1.2.0"
  resolved "https://registry.yarnpkg.com/koa-convert/-/koa-convert-1.2.0.tgz#da40875df49de0539098d1700b50820cebcd21d0"
  integrity sha1-2kCHXfSd4FOQmNFwC1CCDOvNIdA=
  dependencies:
    co "^4.6.0"
    koa-compose "^3.0.0"

koa-helmet@^4.0.0:
  version "4.0.0"
  resolved "https://registry.yarnpkg.com/koa-helmet/-/koa-helmet-4.0.0.tgz#a122243e937de71384006f99ee6b63a404d3b081"
  integrity sha512-WBimFdr0B8PVvDqdFCmx1eJ08jxvyIzNit8qFBxWn6rY/QjU+VLgc5JGnc757uYhZc2TgPirctGBG6P7yC0TEw==
  dependencies:
    helmet "^3.12.0"

koa-is-json@^1.0.0:
  version "1.0.0"
  resolved "https://registry.yarnpkg.com/koa-is-json/-/koa-is-json-1.0.0.tgz#273c07edcdcb8df6a2c1ab7d59ee76491451ec14"
  integrity sha1-JzwH7c3Ljfaiwat9We52SRRR7BQ=

koa-mount@^3.0.0:
  version "3.0.0"
  resolved "https://registry.yarnpkg.com/koa-mount/-/koa-mount-3.0.0.tgz#08cab3b83d31442ed8b7e75c54b1abeb922ec197"
  integrity sha1-CMqzuD0xRC7Yt+dcVLGr65IuwZc=
  dependencies:
    debug "^2.6.1"
    koa-compose "^3.2.1"

koa-route@^3.2.0:
  version "3.2.0"
  resolved "https://registry.yarnpkg.com/koa-route/-/koa-route-3.2.0.tgz#76298b99a6bcfa9e38cab6fe5c79a8733e758bce"
  integrity sha1-dimLmaa8+p44yrb+XHmocz51i84=
  dependencies:
    debug "*"
    methods "~1.1.0"
    path-to-regexp "^1.2.0"

koa-router@^7.4.0:
  version "7.4.0"
  resolved "https://registry.yarnpkg.com/koa-router/-/koa-router-7.4.0.tgz#aee1f7adc02d5cb31d7d67465c9eacc825e8c5e0"
  integrity sha512-IWhaDXeAnfDBEpWS6hkGdZ1ablgr6Q6pGdXCyK38RbzuH4LkUOpPqPw+3f8l8aTDrQmBQ7xJc0bs2yV4dzcO+g==
  dependencies:
    debug "^3.1.0"
    http-errors "^1.3.1"
    koa-compose "^3.0.0"
    methods "^1.0.1"
    path-to-regexp "^1.1.1"
    urijs "^1.19.0"

koa-send@^4.1.3:
  version "4.1.3"
  resolved "https://registry.yarnpkg.com/koa-send/-/koa-send-4.1.3.tgz#0822207bbf5253a414c8f1765ebc29fa41353cb6"
  integrity sha512-3UetMBdaXSiw24qM2Mx5mKmxLKw5ZTPRjACjfhK6Haca55RKm9hr/uHDrkrxhSl5/S1CKI/RivZVIopiatZuTA==
  dependencies:
    debug "^2.6.3"
    http-errors "^1.6.1"
    mz "^2.6.0"
    resolve-path "^1.4.0"

koa-send@^5.0.0:
  version "5.0.0"
  resolved "https://registry.yarnpkg.com/koa-send/-/koa-send-5.0.0.tgz#5e8441e07ef55737734d7ced25b842e50646e7eb"
  integrity sha512-90ZotV7t0p3uN9sRwW2D484rAaKIsD8tAVtypw/aBU+ryfV+fR2xrcAwhI8Wl6WRkojLUs/cB9SBSCuIb+IanQ==
  dependencies:
    debug "^3.1.0"
    http-errors "^1.6.3"
    mz "^2.7.0"
    resolve-path "^1.4.0"

koa-static@^4.0.2:
  version "4.0.3"
  resolved "https://registry.yarnpkg.com/koa-static/-/koa-static-4.0.3.tgz#5f93ad00fb1905db9ce46667c0e8bb7d22abfcd8"
  integrity sha512-JGmxTuPWy4bH7bt6gD/OMWkhprawvRmzJSr8TWKmTL4N7+IMv3s0SedeQi5S4ilxM9Bo6ptkCyXj/7wf+VS5tg==
  dependencies:
    debug "^3.1.0"
    koa-send "^4.1.3"

koa-static@^5.0.0:
  version "5.0.0"
  resolved "https://registry.yarnpkg.com/koa-static/-/koa-static-5.0.0.tgz#5e92fc96b537ad5219f425319c95b64772776943"
  integrity sha512-UqyYyH5YEXaJrf9S8E23GoJFQZXkBVJ9zYYMPGz919MSX1KuvAcycIuS0ci150HCoPf4XQVhQ84Qf8xRPWxFaQ==
  dependencies:
    debug "^3.1.0"
    koa-send "^5.0.0"

koa@^2.5.0, koa@^2.6.2:
  version "2.6.2"
  resolved "https://registry.yarnpkg.com/koa/-/koa-2.6.2.tgz#57ba4d049b0a99cae0d594e6144e2931949a7ce1"
  integrity sha512-KdnBFhTgh9ysMMoYe4J4fLvaKjT7mF3nRYV8MjxLzx6qywFNeptqi4xevyUltg1fZl2CFJ+HeLXuCGx07Yvl/A==
  dependencies:
    accepts "^1.3.5"
    cache-content-type "^1.0.0"
    content-disposition "~0.5.2"
    content-type "^1.0.4"
    cookies "~0.7.1"
    debug "~3.1.0"
    delegates "^1.0.0"
    depd "^1.1.2"
    destroy "^1.0.4"
    error-inject "^1.0.0"
    escape-html "^1.0.3"
    fresh "~0.5.2"
    http-assert "^1.3.0"
    http-errors "^1.6.3"
    is-generator-function "^1.0.7"
    koa-compose "^4.1.0"
    koa-convert "^1.2.0"
    koa-is-json "^1.0.0"
    on-finished "^2.3.0"
    only "~0.0.2"
    parseurl "^1.3.2"
    statuses "^1.5.0"
    type-is "^1.6.16"
    vary "^1.1.2"

lodash@^4.17.10:
  version "4.17.11"
  resolved "https://registry.yarnpkg.com/lodash/-/lodash-4.17.11.tgz#b39ea6229ef607ecd89e2c8df12536891cac9b8d"
  integrity sha512-cQKh8igo5QUhZ7lg38DYWAxMvjSAKG0A8wGSVimP07SIUEK2UO+arSRKbRZWtelMtN5V0Hkwh5ryOto/SshYIg==

media-typer@0.3.0:
  version "0.3.0"
  resolved "https://registry.yarnpkg.com/media-typer/-/media-typer-0.3.0.tgz#8710d7af0aa626f8fffa1ce00168545263255748"
  integrity sha1-hxDXrwqmJvj/+hzgAWhUUmMlV0g=

methods@^1.0.1, methods@~1.1.0:
  version "1.1.2"
  resolved "https://registry.yarnpkg.com/methods/-/methods-1.1.2.tgz#5529a4d67654134edcc5266656835b0f851afcee"
  integrity sha1-VSmk1nZUE07cxSZmVoNbD4Ua/O4=

mime-db@~1.37.0:
  version "1.37.0"
  resolved "https://registry.yarnpkg.com/mime-db/-/mime-db-1.37.0.tgz#0b6a0ce6fdbe9576e25f1f2d2fde8830dc0ad0d8"
  integrity sha512-R3C4db6bgQhlIhPU48fUtdVmKnflq+hRdad7IyKhtFj06VPNVdk2RhiYL3UjQIlso8L+YxAtFkobT0VK+S/ybg==

mime-types@^2.1.18, mime-types@~2.1.18:
  version "2.1.21"
  resolved "https://registry.yarnpkg.com/mime-types/-/mime-types-2.1.21.tgz#28995aa1ecb770742fe6ae7e58f9181c744b3f96"
  integrity sha512-3iL6DbwpyLzjR3xHSFNFeb9Nz/M8WDkX33t1GFQnFOllWk8pOrh/LSrB5OXlnlW5P9LH73X6loW/eogc+F5lJg==
  dependencies:
    mime-db "~1.37.0"

ms@2.0.0:
  version "2.0.0"
  resolved "https://registry.yarnpkg.com/ms/-/ms-2.0.0.tgz#5608aeadfc00be6c2901df5f9861788de0d597c8"
  integrity sha1-VgiurfwAvmwpAd9fmGF4jeDVl8g=

ms@^2.1.1:
  version "2.1.1"
  resolved "https://registry.yarnpkg.com/ms/-/ms-2.1.1.tgz#30a5864eb3ebb0a66f2ebe6d727af06a09d86e0a"
  integrity sha512-tgp+dl5cGk28utYktBsrFqA7HKgrhgPsg6Z/EfhWI4gl1Hwq8B/GmY/0oXZ6nF8hDVesS/FpnYaD/kOWhYQvyg==

mz@^2.6.0, mz@^2.7.0:
  version "2.7.0"
  resolved "https://registry.yarnpkg.com/mz/-/mz-2.7.0.tgz#95008057a56cafadc2bc63dde7f9ff6955948e32"
  integrity sha512-z81GNO7nnYMEhrGh9LeymoE4+Yr0Wn5McHIZMK5cfQCl+NDX08sCZgUc9/6MHni9IWuFLm1Z3HTCXu2z9fN62Q==
  dependencies:
    any-promise "^1.0.0"
    object-assign "^4.0.1"
    thenify-all "^1.0.0"

negotiator@0.6.1:
  version "0.6.1"
  resolved "https://registry.yarnpkg.com/negotiator/-/negotiator-0.6.1.tgz#2b327184e8992101177b28563fb5e7102acd0ca9"
  integrity sha1-KzJxhOiZIQEXeyhWP7XnECrNDKk=

nocache@2.0.0:
  version "2.0.0"
  resolved "https://registry.yarnpkg.com/nocache/-/nocache-2.0.0.tgz#202b48021a0c4cbde2df80de15a17443c8b43980"
  integrity sha1-ICtIAhoMTL3i34DeFaF0Q8i0OYA=

object-assign@^4.0.1:
  version "4.1.1"
  resolved "https://registry.yarnpkg.com/object-assign/-/object-assign-4.1.1.tgz#2109adc7965887cfc05cbbd442cac8bfbb360863"
  integrity sha1-IQmtx5ZYh8/AXLvUQsrIv7s2CGM=

on-finished@^2.3.0:
  version "2.3.0"
  resolved "https://registry.yarnpkg.com/on-finished/-/on-finished-2.3.0.tgz#20f1336481b083cd75337992a16971aa2d906947"
  integrity sha1-IPEzZIGwg811M3mSoWlxqi2QaUc=
  dependencies:
    ee-first "1.1.1"

only@~0.0.2:
  version "0.0.2"
  resolved "https://registry.yarnpkg.com/only/-/only-0.0.2.tgz#2afde84d03e50b9a8edc444e30610a70295edfb4"
  integrity sha1-Kv3oTQPlC5qO3EROMGEKcCle37Q=

parseurl@^1.3.2:
  version "1.3.2"
  resolved "https://registry.yarnpkg.com/parseurl/-/parseurl-1.3.2.tgz#fc289d4ed8993119460c156253262cdc8de65bf3"
  integrity sha1-/CidTtiZMRlGDBViUyYs3I3mW/M=

path-is-absolute@1.0.1:
  version "1.0.1"
  resolved "https://registry.yarnpkg.com/path-is-absolute/-/path-is-absolute-1.0.1.tgz#174b9268735534ffbc7ace6bf53a5a9e1b5c5f5f"
  integrity sha1-F0uSaHNVNP+8es5r9TpanhtcX18=

path-to-regexp@^1.1.1, path-to-regexp@^1.2.0:
  version "1.7.0"
  resolved "https://registry.yarnpkg.com/path-to-regexp/-/path-to-regexp-1.7.0.tgz#59fde0f435badacba103a84e9d3bc64e96b9937d"
  integrity sha1-Wf3g9DW62suhA6hOnTvGTpa5k30=
  dependencies:
    isarray "0.0.1"

platform@1.3.5:
  version "1.3.5"
  resolved "https://registry.yarnpkg.com/platform/-/platform-1.3.5.tgz#fb6958c696e07e2918d2eeda0f0bc9448d733444"
  integrity sha512-TuvHS8AOIZNAlE77WUDiR4rySV/VMptyMfcfeoMgs4P8apaZM3JrnbzBiixKUv+XR6i+BXrQh8WAnjaSPFO65Q==

qs@^6.5.2:
  version "6.6.0"
  resolved "https://registry.yarnpkg.com/qs/-/qs-6.6.0.tgz#a99c0f69a8d26bf7ef012f871cdabb0aee4424c2"
  integrity sha512-KIJqT9jQJDQx5h5uAVPimw6yVg2SekOKu959OCtktD3FjzbpvaPr8i4zzg07DOMz+igA4W/aNM7OV8H37pFYfA==

raw-body@^2.3.3:
  version "2.3.3"
  resolved "https://registry.yarnpkg.com/raw-body/-/raw-body-2.3.3.tgz#1b324ece6b5706e153855bc1148c65bb7f6ea0c3"
  integrity sha512-9esiElv1BrZoI3rCDuOuKCBRbuApGGaDPQfjSflGxdy4oyzqghxu6klEkkVIvBje+FF0BX9coEv8KqW6X/7njw==
  dependencies:
    bytes "3.0.0"
    http-errors "1.6.3"
    iconv-lite "0.4.23"
    unpipe "1.0.0"

referrer-policy@1.1.0:
  version "1.1.0"
  resolved "https://registry.yarnpkg.com/referrer-policy/-/referrer-policy-1.1.0.tgz#35774eb735bf50fb6c078e83334b472350207d79"
  integrity sha1-NXdOtzW/UPtsB46DM0tHI1AgfXk=

resolve-path@^1.4.0:
  version "1.4.0"
  resolved "https://registry.yarnpkg.com/resolve-path/-/resolve-path-1.4.0.tgz#c4bda9f5efb2fce65247873ab36bb4d834fe16f7"
  integrity sha1-xL2p9e+y/OZSR4c6s2u02DT+Fvc=
  dependencies:
    http-errors "~1.6.2"
    path-is-absolute "1.0.1"

"safer-buffer@>= 2.1.2 < 3":
  version "2.1.2"
  resolved "https://registry.yarnpkg.com/safer-buffer/-/safer-buffer-2.1.2.tgz#44fa161b0187b9549dd84bb91802f9bd8385cd6a"
  integrity sha512-YZo3K82SD7Riyi0E1EQPojLz7kpepnSQI9IyPbHHg1XXXevb5dJI7tpyN2ADxGcQbHG7vcyRHk0cbwqcQriUtg==

setprototypeof@1.1.0:
  version "1.1.0"
  resolved "https://registry.yarnpkg.com/setprototypeof/-/setprototypeof-1.1.0.tgz#d0bd85536887b6fe7c0d818cb962d9d91c54e656"
  integrity sha512-BvE/TwpZX4FXExxOxZyRGQQv651MSwmWKZGqvmPcRIjDqWub67kTKuIMx43cZZrS/cBBzwBcNDWoFxt2XEFIpQ==

sprintf-js@~1.0.2:
  version "1.0.3"
  resolved "https://registry.yarnpkg.com/sprintf-js/-/sprintf-js-1.0.3.tgz#04e6926f662895354f3dd015203633b857297e2c"
  integrity sha1-BOaSb2YolTVPPdAVIDYzuFcpfiw=

"statuses@>= 1.4.0 < 2", "statuses@>= 1.5.0 < 2", statuses@^1.5.0:
  version "1.5.0"
  resolved "https://registry.yarnpkg.com/statuses/-/statuses-1.5.0.tgz#161c7dac177659fd9811f43771fa99381478628c"
  integrity sha1-Fhx9rBd2Wf2YEfQ3cfqZOBR4Yow=

swagger-koa@^2.0.0:
  version "2.0.0"
  resolved "https://registry.yarnpkg.com/swagger-koa/-/swagger-koa-2.0.0.tgz#e2407f9095bfc6d8ec6355f7a0e068e35549d94c"
  integrity sha512-Y29zwU8FgAMDaWN32G6D3/tgAArv3Z4sHmJ/KtRzrouc4FjkKhOJLgAlsOYe0lqgxuOSfsAwf8MDPmyYh0Kwpg==
  dependencies:
    async "^2.6.0"
    coffee-script "*"
    doctrine "*"
    js-yaml "^3.10.0"
    koa "^2.5.0"
    koa-mount "^3.0.0"
    koa-route "^3.2.0"
    koa-static "^4.0.2"
    underscore "*"

thenify-all@^1.0.0:
  version "1.6.0"
  resolved "https://registry.yarnpkg.com/thenify-all/-/thenify-all-1.6.0.tgz#1a1918d402d8fc3f98fbf234db0bcc8cc10e9726"
  integrity sha1-GhkY1ALY/D+Y+/I02wvMjMEOlyY=
  dependencies:
    thenify ">= 3.1.0 < 4"

"thenify@>= 3.1.0 < 4":
  version "3.3.0"
  resolved "https://registry.yarnpkg.com/thenify/-/thenify-3.3.0.tgz#e69e38a1babe969b0108207978b9f62b88604839"
  integrity sha1-5p44obq+lpsBCCB5eLn2K4hgSDk=
  dependencies:
    any-promise "^1.0.0"

toidentifier@1.0.0:
  version "1.0.0"
  resolved "https://registry.yarnpkg.com/toidentifier/-/toidentifier-1.0.0.tgz#7e1be3470f1e77948bc43d94a3c8f4d7752ba553"
  integrity sha512-yaOH/Pk/VEhBWWTlhI+qXxDFXlejDGcQipMlyxda9nthulaxLZUNcUqFxokp0vcYnvteJln5FNQDRrxj3YcbVw==

type-is@^1.6.16:
  version "1.6.16"
  resolved "https://registry.yarnpkg.com/type-is/-/type-is-1.6.16.tgz#f89ce341541c672b25ee7ae3c73dee3b2be50194"
  integrity sha512-HRkVv/5qY2G6I8iab9cI7v1bOIdhm94dVjQCPFElW9W+3GeDOSHmy2EBYe4VTApuzolPcmgFTN3ftVJRKR2J9Q==
  dependencies:
    media-typer "0.3.0"
    mime-types "~2.1.18"

underscore@*:
  version "1.9.1"
  resolved "https://registry.yarnpkg.com/underscore/-/underscore-1.9.1.tgz#06dce34a0e68a7babc29b365b8e74b8925203961"
  integrity sha512-5/4etnCkd9c8gwgowi5/om/mYO5ajCaOgdzj/oW+0eQV9WxKBDZw5+ycmKmeaTXjInS/W0BzpGLo2xR2aBwZdg==

unpipe@1.0.0:
  version "1.0.0"
  resolved "https://registry.yarnpkg.com/unpipe/-/unpipe-1.0.0.tgz#b2bf4ee8514aae6165b4817829d21b2ef49904ec"
  integrity sha1-sr9O6FFKrmFltIF4KdIbLvSZBOw=

urijs@^1.19.0:
  version "1.19.1"
  resolved "https://registry.yarnpkg.com/urijs/-/urijs-1.19.1.tgz#5b0ff530c0cbde8386f6342235ba5ca6e995d25a"
  integrity sha512-xVrGVi94ueCJNrBSTjWqjvtgvl3cyOTThp2zaMaFNGp3F542TR6sM3f2o8RqZl+AwteClSVmoCyt0ka4RjQOQg==

vary@^1.1.2:
  version "1.1.2"
  resolved "https://registry.yarnpkg.com/vary/-/vary-1.1.2.tgz#2299f02c6ded30d4a5961b0b9f74524a18f634fc"
  integrity sha1-IpnwLG3tMNSllhsLn3RSShj2NPw=

x-xss-protection@1.1.0:
  version "1.1.0"
  resolved "https://registry.yarnpkg.com/x-xss-protection/-/x-xss-protection-1.1.0.tgz#4f1898c332deb1e7f2be1280efb3e2c53d69c1a7"
  integrity sha512-rx3GzJlgEeZ08MIcDsU2vY2B1QEriUKJTSiNHHUIem6eg9pzVOr2TL3Y4Pd6TMAM5D5azGjcxqI62piITBDHVg==

ylru@^1.2.0:
  version "1.2.1"
  resolved "https://registry.yarnpkg.com/ylru/-/ylru-1.2.1.tgz#f576b63341547989c1de7ba288760923b27fe84f"
  integrity sha512-faQrqNMzcPCHGVC2aaOINk13K+aaBDUPjGWl0teOXywElLjyVAB6Oe2jj62jHYtwsU49jXhScYbvPENK+6zAvQ==
